// !$*UTF8*$!
{
	archiveVersion = 1;
	classes = {
	};
	objectVersion = 55;
	objects = {

/* Begin PBXBuildFile section */
		B8474A5E2832B34100FCE24E /* AppDelegate.swift in Sources */ = {isa = PBXBuildFile; fileRef = B8474A5D2832B34100FCE24E /* AppDelegate.swift */; };
		B8474A602832B34100FCE24E /* SceneDelegate.swift in Sources */ = {isa = PBXBuildFile; fileRef = B8474A5F2832B34100FCE24E /* SceneDelegate.swift */; };
		B8474A622832B34100FCE24E /* ViewController.swift in Sources */ = {isa = PBXBuildFile; fileRef = B8474A612832B34100FCE24E /* ViewController.swift */; };
		B8474A652832B34100FCE24E /* Main.storyboard in Resources */ = {isa = PBXBuildFile; fileRef = B8474A632832B34100FCE24E /* Main.storyboard */; };
		B8474A672832B34300FCE24E /* Assets.xcassets in Resources */ = {isa = PBXBuildFile; fileRef = B8474A662832B34300FCE24E /* Assets.xcassets */; };
		B8474A6A2832B34300FCE24E /* LaunchScreen.storyboard in Resources */ = {isa = PBXBuildFile; fileRef = B8474A682832B34300FCE24E /* LaunchScreen.storyboard */; };
		B8474A752832B34300FCE24E /* TrendingGithubReposTests.swift in Sources */ = {isa = PBXBuildFile; fileRef = B8474A742832B34300FCE24E /* TrendingGithubReposTests.swift */; };
		B8474A7F2832B34300FCE24E /* TrendingGithubReposUITests.swift in Sources */ = {isa = PBXBuildFile; fileRef = B8474A7E2832B34300FCE24E /* TrendingGithubReposUITests.swift */; };
		B8474A812832B34300FCE24E /* TrendingGithubReposUITestsLaunchTests.swift in Sources */ = {isa = PBXBuildFile; fileRef = B8474A802832B34300FCE24E /* TrendingGithubReposUITestsLaunchTests.swift */; };
/* End PBXBuildFile section */

/* Begin PBXContainerItemProxy section */
		B8474A712832B34300FCE24E /* PBXContainerItemProxy */ = {
			isa = PBXContainerItemProxy;
			containerPortal = B8474A522832B34100FCE24E /* Project object */;
			proxyType = 1;
			remoteGlobalIDString = B8474A592832B34100FCE24E;
			remoteInfo = TrendingGithubRepos;
		};
		B8474A7B2832B34300FCE24E /* PBXContainerItemProxy */ = {
			isa = PBXContainerItemProxy;
			containerPortal = B8474A522832B34100FCE24E /* Project object */;
			proxyType = 1;
			remoteGlobalIDString = B8474A592832B34100FCE24E;
			remoteInfo = TrendingGithubRepos;
		};
/* End PBXContainerItemProxy section */

/* Begin PBXFileReference section */
		B8474A5A2832B34100FCE24E /* TrendingGithubRepos.app */ = {isa = PBXFileReference; explicitFileType = wrapper.application; includeInIndex = 0; path = TrendingGithubRepos.app; sourceTree = BUILT_PRODUCTS_DIR; };
		B8474A5D2832B34100FCE24E /* AppDelegate.swift */ = {isa = PBXFileReference; lastKnownFileType = sourcecode.swift; path = AppDelegate.swift; sourceTree = "<group>"; };
		B8474A5F2832B34100FCE24E /* SceneDelegate.swift */ = {isa = PBXFileReference; lastKnownFileType = sourcecode.swift; path = SceneDelegate.swift; sourceTree = "<group>"; };
		B8474A612832B34100FCE24E /* ViewController.swift */ = {isa = PBXFileReference; lastKnownFileType = sourcecode.swift; path = ViewController.swift; sourceTree = "<group>"; };
		B8474A642832B34100FCE24E /* Base */ = {isa = PBXFileReference; lastKnownFileType = file.storyboard; name = Base; path = Base.lproj/Main.storyboard; sourceTree = "<group>"; };
		B8474A662832B34300FCE24E /* Assets.xcassets */ = {isa = PBXFileReference; lastKnownFileType = folder.assetcatalog; path = Assets.xcassets; sourceTree = "<group>"; };
		B8474A692832B34300FCE24E /* Base */ = {isa = PBXFileReference; lastKnownFileType = file.storyboard; name = Base; path = Base.lproj/LaunchScreen.storyboard; sourceTree = "<group>"; };
		B8474A6B2832B34300FCE24E /* Info.plist */ = {isa = PBXFileReference; lastKnownFileType = text.plist.xml; path = Info.plist; sourceTree = "<group>"; };
		B8474A702832B34300FCE24E /* TrendingGithubReposTests.xctest */ = {isa = PBXFileReference; explicitFileType = wrapper.cfbundle; includeInIndex = 0; path = TrendingGithubReposTests.xctest; sourceTree = BUILT_PRODUCTS_DIR; };
		B8474A742832B34300FCE24E /* TrendingGithubReposTests.swift */ = {isa = PBXFileReference; lastKnownFileType = sourcecode.swift; path = TrendingGithubReposTests.swift; sourceTree = "<group>"; };
		B8474A7A2832B34300FCE24E /* TrendingGithubReposUITests.xctest */ = {isa = PBXFileReference; explicitFileType = wrapper.cfbundle; includeInIndex = 0; path = TrendingGithubReposUITests.xctest; sourceTree = BUILT_PRODUCTS_DIR; };
		B8474A7E2832B34300FCE24E /* TrendingGithubReposUITests.swift */ = {isa = PBXFileReference; lastKnownFileType = sourcecode.swift; path = TrendingGithubReposUITests.swift; sourceTree = "<group>"; };
		B8474A802832B34300FCE24E /* TrendingGithubReposUITestsLaunchTests.swift */ = {isa = PBXFileReference; lastKnownFileType = sourcecode.swift; path = TrendingGithubReposUITestsLaunchTests.swift; sourceTree = "<group>"; };
/* End PBXFileReference section */

/* Begin PBXFrameworksBuildPhase section */
		B8474A572832B34100FCE24E /* Frameworks */ = {
			isa = PBXFrameworksBuildPhase;
			buildActionMask = 2147483647;
			files = (
			);
			runOnlyForDeploymentPostprocessing = 0;
		};
		B8474A6D2832B34300FCE24E /* Frameworks */ = {
			isa = PBXFrameworksBuildPhase;
			buildActionMask = 2147483647;
			files = (
			);
			runOnlyForDeploymentPostprocessing = 0;
		};
		B8474A772832B34300FCE24E /* Frameworks */ = {
			isa = PBXFrameworksBuildPhase;
			buildActionMask = 2147483647;
			files = (
			);
			runOnlyForDeploymentPostprocessing = 0;
		};
/* End PBXFrameworksBuildPhase section */

/* Begin PBXGroup section */
		B8474A512832B34100FCE24E = {
			isa = PBXGroup;
			children = (
				B8474A5C2832B34100FCE24E /* TrendingGithubRepos */,
				B8474A732832B34300FCE24E /* TrendingGithubReposTests */,
				B8474A7D2832B34300FCE24E /* TrendingGithubReposUITests */,
				B8474A5B2832B34100FCE24E /* Products */,
			);
			sourceTree = "<group>";
		};
		B8474A5B2832B34100FCE24E /* Products */ = {
			isa = PBXGroup;
			children = (
				B8474A5A2832B34100FCE24E /* TrendingGithubRepos.app */,
				B8474A702832B34300FCE24E /* TrendingGithubReposTests.xctest */,
				B8474A7A2832B34300FCE24E /* TrendingGithubReposUITests.xctest */,
			);
			name = Products;
			sourceTree = "<group>";
		};
		B8474A5C2832B34100FCE24E /* TrendingGithubRepos */ = {
			isa = PBXGroup;
			children = (
				B8474A5D2832B34100FCE24E /* AppDelegate.swift */,
				B8474A5F2832B34100FCE24E /* SceneDelegate.swift */,
				B8474A612832B34100FCE24E /* ViewController.swift */,
				B8474A632832B34100FCE24E /* Main.storyboard */,
				B8474A662832B34300FCE24E /* Assets.xcassets */,
				B8474A682832B34300FCE24E /* LaunchScreen.storyboard */,
				B8474A6B2832B34300FCE24E /* Info.plist */,
			);
			path = TrendingGithubRepos;
			sourceTree = "<group>";
		};
		B8474A732832B34300FCE24E /* TrendingGithubReposTests */ = {
			isa = PBXGroup;
			children = (
				B8474A742832B34300FCE24E /* TrendingGithubReposTests.swift */,
			);
			path = TrendingGithubReposTests;
			sourceTree = "<group>";
		};
		B8474A7D2832B34300FCE24E /* TrendingGithubReposUITests */ = {
			isa = PBXGroup;
			children = (
				B8474A7E2832B34300FCE24E /* TrendingGithubReposUITests.swift */,
				B8474A802832B34300FCE24E /* TrendingGithubReposUITestsLaunchTests.swift */,
			);
			path = TrendingGithubReposUITests;
			sourceTree = "<group>";
		};
/* End PBXGroup section */

/* Begin PBXNativeTarget section */
		B8474A592832B34100FCE24E /* TrendingGithubRepos */ = {
			isa = PBXNativeTarget;
			buildConfigurationList = B8474A842832B34300FCE24E /* Build configuration list for PBXNativeTarget "TrendingGithubRepos" */;
			buildPhases = (
				B8474A562832B34100FCE24E /* Sources */,
				B8474A572832B34100FCE24E /* Frameworks */,
				B8474A582832B34100FCE24E /* Resources */,
			);
			buildRules = (
			);
			dependencies = (
			);
			name = TrendingGithubRepos;
			productName = TrendingGithubRepos;
			productReference = B8474A5A2832B34100FCE24E /* TrendingGithubRepos.app */;
			productType = "com.apple.product-type.application";
		};
		B8474A6F2832B34300FCE24E /* TrendingGithubReposTests */ = {
			isa = PBXNativeTarget;
			buildConfigurationList = B8474A872832B34300FCE24E /* Build configuration list for PBXNativeTarget "TrendingGithubReposTests" */;
			buildPhases = (
				B8474A6C2832B34300FCE24E /* Sources */,
				B8474A6D2832B34300FCE24E /* Frameworks */,
				B8474A6E2832B34300FCE24E /* Resources */,
			);
			buildRules = (
			);
			dependencies = (
				B8474A722832B34300FCE24E /* PBXTargetDependency */,
			);
			name = TrendingGithubReposTests;
			productName = TrendingGithubReposTests;
			productReference = B8474A702832B34300FCE24E /* TrendingGithubReposTests.xctest */;
			productType = "com.apple.product-type.bundle.unit-test";
		};
		B8474A792832B34300FCE24E /* TrendingGithubReposUITests */ = {
			isa = PBXNativeTarget;
			buildConfigurationList = B8474A8A2832B34300FCE24E /* Build configuration list for PBXNativeTarget "TrendingGithubReposUITests" */;
			buildPhases = (
				B8474A762832B34300FCE24E /* Sources */,
				B8474A772832B34300FCE24E /* Frameworks */,
				B8474A782832B34300FCE24E /* Resources */,
			);
			buildRules = (
			);
			dependencies = (
				B8474A7C2832B34300FCE24E /* PBXTargetDependency */,
			);
			name = TrendingGithubReposUITests;
			productName = TrendingGithubReposUITests;
			productReference = B8474A7A2832B34300FCE24E /* TrendingGithubReposUITests.xctest */;
			productType = "com.apple.product-type.bundle.ui-testing";
		};
/* End PBXNativeTarget section */

/* Begin PBXProject section */
		B8474A522832B34100FCE24E /* Project object */ = {
			isa = PBXProject;
			attributes = {
				BuildIndependentTargetsInParallel = 1;
				LastSwiftUpdateCheck = 1330;
				LastUpgradeCheck = 1330;
				TargetAttributes = {
					B8474A592832B34100FCE24E = {
						CreatedOnToolsVersion = 13.3.1;
					};
					B8474A6F2832B34300FCE24E = {
						CreatedOnToolsVersion = 13.3.1;
						TestTargetID = B8474A592832B34100FCE24E;
					};
					B8474A792832B34300FCE24E = {
						CreatedOnToolsVersion = 13.3.1;
						TestTargetID = B8474A592832B34100FCE24E;
					};
				};
			};
			buildConfigurationList = B8474A552832B34100FCE24E /* Build configuration list for PBXProject "TrendingGithubRepos" */;
			compatibilityVersion = "Xcode 13.0";
			developmentRegion = en;
			hasScannedForEncodings = 0;
			knownRegions = (
				en,
				Base,
			);
			mainGroup = B8474A512832B34100FCE24E;
			productRefGroup = B8474A5B2832B34100FCE24E /* Products */;
			projectDirPath = "";
			projectRoot = "";
			targets = (
				B8474A592832B34100FCE24E /* TrendingGithubRepos */,
				B8474A6F2832B34300FCE24E /* TrendingGithubReposTests */,
				B8474A792832B34300FCE24E /* TrendingGithubReposUITests */,
			);
		};
/* End PBXProject section */

/* Begin PBXResourcesBuildPhase section */
		B8474A582832B34100FCE24E /* Resources */ = {
			isa = PBXResourcesBuildPhase;
			buildActionMask = 2147483647;
			files = (
				B8474A6A2832B34300FCE24E /* LaunchScreen.storyboard in Resources */,
				B8474A672832B34300FCE24E /* Assets.xcassets in Resources */,
				B8474A652832B34100FCE24E /* Main.storyboard in Resources */,
			);
			runOnlyForDeploymentPostprocessing = 0;
		};
		B8474A6E2832B34300FCE24E /* Resources */ = {
			isa = PBXResourcesBuildPhase;
			buildActionMask = 2147483647;
			files = (
			);
			runOnlyForDeploymentPostprocessing = 0;
		};
		B8474A782832B34300FCE24E /* Resources */ = {
			isa = PBXResourcesBuildPhase;
			buildActionMask = 2147483647;
			files = (
			);
			runOnlyForDeploymentPostprocessing = 0;
		};
/* End PBXResourcesBuildPhase section */

/* Begin PBXSourcesBuildPhase section */
		B8474A562832B34100FCE24E /* Sources */ = {
			isa = PBXSourcesBuildPhase;
			buildActionMask = 2147483647;
			files = (
				B8474A622832B34100FCE24E /* ViewController.swift in Sources */,
				B8474A5E2832B34100FCE24E /* AppDelegate.swift in Sources */,
				B8474A602832B34100FCE24E /* SceneDelegate.swift in Sources */,
			);
			runOnlyForDeploymentPostprocessing = 0;
		};
		B8474A6C2832B34300FCE24E /* Sources */ = {
			isa = PBXSourcesBuildPhase;
			buildActionMask = 2147483647;
			files = (
				B8474A752832B34300FCE24E /* TrendingGithubReposTests.swift in Sources */,
			);
			runOnlyForDeploymentPostprocessing = 0;
		};
		B8474A762832B34300FCE24E /* Sources */ = {
			isa = PBXSourcesBuildPhase;
			buildActionMask = 2147483647;
			files = (
				B8474A812832B34300FCE24E /* TrendingGithubReposUITestsLaunchTests.swift in Sources */,
				B8474A7F2832B34300FCE24E /* TrendingGithubReposUITests.swift in Sources */,
			);
			runOnlyForDeploymentPostprocessing = 0;
		};
/* End PBXSourcesBuildPhase section */

/* Begin PBXTargetDependency section */
		B8474A722832B34300FCE24E /* PBXTargetDependency */ = {
			isa = PBXTargetDependency;
			target = B8474A592832B34100FCE24E /* TrendingGithubRepos */;
			targetProxy = B8474A712832B34300FCE24E /* PBXContainerItemProxy */;
		};
		B8474A7C2832B34300FCE24E /* PBXTargetDependency */ = {
			isa = PBXTargetDependency;
			target = B8474A592832B34100FCE24E /* TrendingGithubRepos */;
			targetProxy = B8474A7B2832B34300FCE24E /* PBXContainerItemProxy */;
		};
/* End PBXTargetDependency section */

/* Begin PBXVariantGroup section */
		B8474A632832B34100FCE24E /* Main.storyboard */ = {
			isa = PBXVariantGroup;
			children = (
				B8474A642832B34100FCE24E /* Base */,
			);
			name = Main.storyboard;
			sourceTree = "<group>";
		};
		B8474A682832B34300FCE24E /* LaunchScreen.storyboard */ = {
			isa = PBXVariantGroup;
			children = (
				B8474A692832B34300FCE24E /* Base */,
			);
			name = LaunchScreen.storyboard;
			sourceTree = "<group>";
		};
/* End PBXVariantGroup section */

/* Begin XCBuildConfiguration section */
		B8474A822832B34300FCE24E /* Debug */ = {
			isa = XCBuildConfiguration;
			buildSettings = {
				ALWAYS_SEARCH_USER_PATHS = NO;
				CLANG_ANALYZER_NONNULL = YES;
				CLANG_ANALYZER_NUMBER_OBJECT_CONVERSION = YES_AGGRESSIVE;
				CLANG_CXX_LANGUAGE_STANDARD = "gnu++17";
				CLANG_ENABLE_MODULES = YES;
				CLANG_ENABLE_OBJC_ARC = YES;
				CLANG_ENABLE_OBJC_WEAK = YES;
				CLANG_WARN_BLOCK_CAPTURE_AUTORELEASING = YES;
				CLANG_WARN_BOOL_CONVERSION = YES;
				CLANG_WARN_COMMA = YES;
				CLANG_WARN_CONSTANT_CONVERSION = YES;
				CLANG_WARN_DEPRECATED_OBJC_IMPLEMENTATIONS = YES;
				CLANG_WARN_DIRECT_OBJC_ISA_USAGE = YES_ERROR;
				CLANG_WARN_DOCUMENTATION_COMMENTS = YES;
				CLANG_WARN_EMPTY_BODY = YES;
				CLANG_WARN_ENUM_CONVERSION = YES;
				CLANG_WARN_INFINITE_RECURSION = YES;
				CLANG_WARN_INT_CONVERSION = YES;
				CLANG_WARN_NON_LITERAL_NULL_CONVERSION = YES;
				CLANG_WARN_OBJC_IMPLICIT_RETAIN_SELF = YES;
				CLANG_WARN_OBJC_LITERAL_CONVERSION = YES;
				CLANG_WARN_OBJC_ROOT_CLASS = YES_ERROR;
				CLANG_WARN_QUOTED_INCLUDE_IN_FRAMEWORK_HEADER = YES;
				CLANG_WARN_RANGE_LOOP_ANALYSIS = YES;
				CLANG_WARN_STRICT_PROTOTYPES = YES;
				CLANG_WARN_SUSPICIOUS_MOVE = YES;
				CLANG_WARN_UNGUARDED_AVAILABILITY = YES_AGGRESSIVE;
				CLANG_WARN_UNREACHABLE_CODE = YES;
				CLANG_WARN__DUPLICATE_METHOD_MATCH = YES;
				COPY_PHASE_STRIP = NO;
				DEBUG_INFORMATION_FORMAT = dwarf;
				ENABLE_STRICT_OBJC_MSGSEND = YES;
				ENABLE_TESTABILITY = YES;
				GCC_C_LANGUAGE_STANDARD = gnu11;
				GCC_DYNAMIC_NO_PIC = NO;
				GCC_NO_COMMON_BLOCKS = YES;
				GCC_OPTIMIZATION_LEVEL = 0;
				GCC_PREPROCESSOR_DEFINITIONS = (
					"DEBUG=1",
					"$(inherited)",
				);
				GCC_WARN_64_TO_32_BIT_CONVERSION = YES;
				GCC_WARN_ABOUT_RETURN_TYPE = YES_ERROR;
				GCC_WARN_UNDECLARED_SELECTOR = YES;
				GCC_WARN_UNINITIALIZED_AUTOS = YES_AGGRESSIVE;
				GCC_WARN_UNUSED_FUNCTION = YES;
				GCC_WARN_UNUSED_VARIABLE = YES;
				IPHONEOS_DEPLOYMENT_TARGET = 15.4;
				MTL_ENABLE_DEBUG_INFO = INCLUDE_SOURCE;
				MTL_FAST_MATH = YES;
				ONLY_ACTIVE_ARCH = YES;
				SDKROOT = iphoneos;
				SWIFT_ACTIVE_COMPILATION_CONDITIONS = DEBUG;
				SWIFT_OPTIMIZATION_LEVEL = "-Onone";
			};
			name = Debug;
		};
		B8474A832832B34300FCE24E /* Release */ = {
			isa = XCBuildConfiguration;
			buildSettings = {
				ALWAYS_SEARCH_USER_PATHS = NO;
				CLANG_ANALYZER_NONNULL = YES;
				CLANG_ANALYZER_NUMBER_OBJECT_CONVERSION = YES_AGGRESSIVE;
				CLANG_CXX_LANGUAGE_STANDARD = "gnu++17";
				CLANG_ENABLE_MODULES = YES;
				CLANG_ENABLE_OBJC_ARC = YES;
				CLANG_ENABLE_OBJC_WEAK = YES;
				CLANG_WARN_BLOCK_CAPTURE_AUTORELEASING = YES;
				CLANG_WARN_BOOL_CONVERSION = YES;
				CLANG_WARN_COMMA = YES;
				CLANG_WARN_CONSTANT_CONVERSION = YES;
				CLANG_WARN_DEPRECATED_OBJC_IMPLEMENTATIONS = YES;
				CLANG_WARN_DIRECT_OBJC_ISA_USAGE = YES_ERROR;
				CLANG_WARN_DOCUMENTATION_COMMENTS = YES;
				CLANG_WARN_EMPTY_BODY = YES;
				CLANG_WARN_ENUM_CONVERSION = YES;
				CLANG_WARN_INFINITE_RECURSION = YES;
				CLANG_WARN_INT_CONVERSION = YES;
				CLANG_WARN_NON_LITERAL_NULL_CONVERSION = YES;
				CLANG_WARN_OBJC_IMPLICIT_RETAIN_SELF = YES;
				CLANG_WARN_OBJC_LITERAL_CONVERSION = YES;
				CLANG_WARN_OBJC_ROOT_CLASS = YES_ERROR;
				CLANG_WARN_QUOTED_INCLUDE_IN_FRAMEWORK_HEADER = YES;
				CLANG_WARN_RANGE_LOOP_ANALYSIS = YES;
				CLANG_WARN_STRICT_PROTOTYPES = YES;
				CLANG_WARN_SUSPICIOUS_MOVE = YES;
				CLANG_WARN_UNGUARDED_AVAILABILITY = YES_AGGRESSIVE;
				CLANG_WARN_UNREACHABLE_CODE = YES;
				CLANG_WARN__DUPLICATE_METHOD_MATCH = YES;
				COPY_PHASE_STRIP = NO;
				DEBUG_INFORMATION_FORMAT = "dwarf-with-dsym";
				ENABLE_NS_ASSERTIONS = NO;
				ENABLE_STRICT_OBJC_MSGSEND = YES;
				GCC_C_LANGUAGE_STANDARD = gnu11;
				GCC_NO_COMMON_BLOCKS = YES;
				GCC_WARN_64_TO_32_BIT_CONVERSION = YES;
				GCC_WARN_ABOUT_RETURN_TYPE = YES_ERROR;
				GCC_WARN_UNDECLARED_SELECTOR = YES;
				GCC_WARN_UNINITIALIZED_AUTOS = YES_AGGRESSIVE;
				GCC_WARN_UNUSED_FUNCTION = YES;
				GCC_WARN_UNUSED_VARIABLE = YES;
				IPHONEOS_DEPLOYMENT_TARGET = 15.4;
				MTL_ENABLE_DEBUG_INFO = NO;
				MTL_FAST_MATH = YES;
				SDKROOT = iphoneos;
				SWIFT_COMPILATION_MODE = wholemodule;
				SWIFT_OPTIMIZATION_LEVEL = "-O";
				VALIDATE_PRODUCT = YES;
			};
			name = Release;
		};
		B8474A852832B34300FCE24E /* Debug */ = {
			isa = XCBuildConfiguration;
			buildSettings = {
				ASSETCATALOG_COMPILER_APPICON_NAME = AppIcon;
				ASSETCATALOG_COMPILER_GLOBAL_ACCENT_COLOR_NAME = AccentColor;
				CODE_SIGN_STYLE = Automatic;
				CURRENT_PROJECT_VERSION = 1;
				DEVELOPMENT_TEAM = RJ9LXLBCUX;
				GENERATE_INFOPLIST_FILE = YES;
				INFOPLIST_FILE = TrendingGithubRepos/Info.plist;
				INFOPLIST_KEY_UIApplicationSupportsIndirectInputEvents = YES;
				INFOPLIST_KEY_UILaunchStoryboardName = LaunchScreen;
				INFOPLIST_KEY_UIMainStoryboardFile = Main;
				INFOPLIST_KEY_UISupportedInterfaceOrientations_iPad = "UIInterfaceOrientationPortrait UIInterfaceOrientationPortraitUpsideDown UIInterfaceOrientationLandscapeLeft UIInterfaceOrientationLandscapeRight";
				INFOPLIST_KEY_UISupportedInterfaceOrientations_iPhone = "UIInterfaceOrientationPortrait UIInterfaceOrientationLandscapeLeft UIInterfaceOrientationLandscapeRight";
				IPHONEOS_DEPLOYMENT_TARGET = 13.0;
				LD_RUNPATH_SEARCH_PATHS = (
					"$(inherited)",
					"@executable_path/Frameworks",
				);
				MARKETING_VERSION = 1.0;
				PRODUCT_BUNDLE_IDENTIFIER = com.sadapay.TrendingGithubRepos;
				PRODUCT_NAME = "$(TARGET_NAME)";
				SWIFT_EMIT_LOC_STRINGS = YES;
				SWIFT_VERSION = 5.0;
				TARGETED_DEVICE_FAMILY = "1,2";
			};
			name = Debug;
		};
		B8474A862832B34300FCE24E /* Release */ = {
			isa = XCBuildConfiguration;
			buildSettings = {
				ASSETCATALOG_COMPILER_APPICON_NAME = AppIcon;
				ASSETCATALOG_COMPILER_GLOBAL_ACCENT_COLOR_NAME = AccentColor;
				CODE_SIGN_STYLE = Automatic;
				CURRENT_PROJECT_VERSION = 1;
				DEVELOPMENT_TEAM = RJ9LXLBCUX;
				GENERATE_INFOPLIST_FILE = YES;
				INFOPLIST_FILE = TrendingGithubRepos/Info.plist;
				INFOPLIST_KEY_UIApplicationSupportsIndirectInputEvents = YES;
				INFOPLIST_KEY_UILaunchStoryboardName = LaunchScreen;
				INFOPLIST_KEY_UIMainStoryboardFile = Main;
				INFOPLIST_KEY_UISupportedInterfaceOrientations_iPad = "UIInterfaceOrientationPortrait UIInterfaceOrientationPortraitUpsideDown UIInterfaceOrientationLandscapeLeft UIInterfaceOrientationLandscapeRight";
				INFOPLIST_KEY_UISupportedInterfaceOrientations_iPhone = "UIInterfaceOrientationPortrait UIInterfaceOrientationLandscapeLeft UIInterfaceOrientationLandscapeRight";
				IPHONEOS_DEPLOYMENT_TARGET = 13.0;
				LD_RUNPATH_SEARCH_PATHS = (
					"$(inherited)",
					"@executable_path/Frameworks",
				);
				MARKETING_VERSION = 1.0;
				PRODUCT_BUNDLE_IDENTIFIER = com.sadapay.TrendingGithubRepos;
				PRODUCT_NAME = "$(TARGET_NAME)";
				SWIFT_EMIT_LOC_STRINGS = YES;
				SWIFT_VERSION = 5.0;
				TARGETED_DEVICE_FAMILY = "1,2";
			};
			name = Release;
		};
		B8474A882832B34300FCE24E /* Debug */ = {
			isa = XCBuildConfiguration;
			buildSettings = {
				ALWAYS_EMBED_SWIFT_STANDARD_LIBRARIES = YES;
				BUNDLE_LOADER = "$(TEST_HOST)";
				CODE_SIGN_STYLE = Automatic;
				CURRENT_PROJECT_VERSION = 1;
				DEVELOPMENT_TEAM = RJ9LXLBCUX;
				GENERATE_INFOPLIST_FILE = YES;
				IPHONEOS_DEPLOYMENT_TARGET = 15.4;
				MARKETING_VERSION = 1.0;
				PRODUCT_BUNDLE_IDENTIFIER = com.sadapay.TrendingGithubReposTests;
				PRODUCT_NAME = "$(TARGET_NAME)";
				SWIFT_EMIT_LOC_STRINGS = NO;
				SWIFT_VERSION = 5.0;
				TARGETED_DEVICE_FAMILY = "1,2";
				TEST_HOST = "$(BUILT_PRODUCTS_DIR)/TrendingGithubRepos.app/TrendingGithubRepos";
			};
			name = Debug;
		};
		B8474A892832B34300FCE24E /* Release */ = {
			isa = XCBuildConfiguration;
			buildSettings = {
				ALWAYS_EMBED_SWIFT_STANDARD_LIBRARIES = YES;
				BUNDLE_LOADER = "$(TEST_HOST)";
				CODE_SIGN_STYLE = Automatic;
				CURRENT_PROJECT_VERSION = 1;
				DEVELOPMENT_TEAM = RJ9LXLBCUX;
				GENERATE_INFOPLIST_FILE = YES;
				IPHONEOS_DEPLOYMENT_TARGET = 15.4;
				MARKETING_VERSION = 1.0;
				PRODUCT_BUNDLE_IDENTIFIER = com.sadapay.TrendingGithubReposTests;
				PRODUCT_NAME = "$(TARGET_NAME)";
				SWIFT_EMIT_LOC_STRINGS = NO;
				SWIFT_VERSION = 5.0;
				TARGETED_DEVICE_FAMILY = "1,2";
				TEST_HOST = "$(BUILT_PRODUCTS_DIR)/TrendingGithubRepos.app/TrendingGithubRepos";
			};
			name = Release;
		};
		B8474A8B2832B34300FCE24E /* Debug */ = {
			isa = XCBuildConfiguration;
			buildSettings = {
				ALWAYS_EMBED_SWIFT_STANDARD_LIBRARIES = YES;
				CODE_SIGN_STYLE = Automatic;
				CURRENT_PROJECT_VERSION = 1;
				DEVELOPMENT_TEAM = RJ9LXLBCUX;
				GENERATE_INFOPLIST_FILE = YES;
				MARKETING_VERSION = 1.0;
				PRODUCT_BUNDLE_IDENTIFIER = com.sadapay.TrendingGithubReposUITests;
				PRODUCT_NAME = "$(TARGET_NAME)";
				SWIFT_EMIT_LOC_STRINGS = NO;
				SWIFT_VERSION = 5.0;
				TARGETED_DEVICE_FAMILY = "1,2";
				TEST_TARGET_NAME = TrendingGithubRepos;
			};
			name = Debug;
		};
		B8474A8C2832B34300FCE24E /* Release */ = {
			isa = XCBuildConfiguration;
			buildSettings = {
				ALWAYS_EMBED_SWIFT_STANDARD_LIBRARIES = YES;
				CODE_SIGN_STYLE = Automatic;
				CURRENT_PROJECT_VERSION = 1;
				DEVELOPMENT_TEAM = RJ9LXLBCUX;
				GENERATE_INFOPLIST_FILE = YES;
				MARKETING_VERSION = 1.0;
				PRODUCT_BUNDLE_IDENTIFIER = com.sadapay.TrendingGithubReposUITests;
				PRODUCT_NAME = "$(TARGET_NAME)";
				SWIFT_EMIT_LOC_STRINGS = NO;
				SWIFT_VERSION = 5.0;
				TARGETED_DEVICE_FAMILY = "1,2";
				TEST_TARGET_NAME = TrendingGithubRepos;
			};
			name = Release;
		};
/* End XCBuildConfiguration section */

/* Begin XCConfigurationList section */
		B8474A552832B34100FCE24E /* Build configuration list for PBXProject "TrendingGithubRepos" */ = {
			isa = XCConfigurationList;
			buildConfigurations = (
				B8474A822832B34300FCE24E /* Debug */,
				B8474A832832B34300FCE24E /* Release */,
			);
			defaultConfigurationIsVisible = 0;
			defaultConfigurationName = Release;
		};
		B8474A842832B34300FCE24E /* Build configuration list for PBXNativeTarget "TrendingGithubRepos" */ = {
			isa = XCConfigurationList;
			buildConfigurations = (
				B8474A852832B34300FCE24E /* Debug */,
				B8474A862832B34300FCE24E /* Release */,
			);
			defaultConfigurationIsVisible = 0;
			defaultConfigurationName = Release;
		};
		B8474A872832B34300FCE24E /* Build configuration list for PBXNativeTarget "TrendingGithubReposTests" */ = {
			isa = XCConfigurationList;
			buildConfigurations = (
				B8474A882832B34300FCE24E /* Debug */,
				B8474A892832B34300FCE24E /* Release */,
			);
			defaultConfigurationIsVisible = 0;
			defaultConfigurationName = Release;
		};
		B8474A8A2832B34300FCE24E /* Build configuration list for PBXNativeTarget "TrendingGithubReposUITests" */ = {
			isa = XCConfigurationList;
			buildConfigurations = (
				B8474A8B2832B34300FCE24E /* Debug */,
				B8474A8C2832B34300FCE24E /* Release */,
			);
			defaultConfigurationIsVisible = 0;
			defaultConfigurationName = Release;
		};
/* End XCConfigurationList section */
	};
	rootObject = B8474A522832B34100FCE24E /* Project object */;
}
